// !$*UTF8*$!
{
	archiveVersion = 1;
	classes = {
	};
	objectVersion = 77;
	objects = {

/* Begin PBXBuildFile section */
		160D21512F4BBD3500E6AA1D /* UIKitGesturesForSwiftUI in Frameworks */ = {isa = PBXBuildFile; productRef = 160D21502F4BBD3500E6AA1D /* UIKitGesturesForSwiftUI */; };
		16272EB12F45263B00FDF7D4 /* UIKitGesturesForSwiftUI in Frameworks */ = {isa = PBXBuildFile; productRef = 16272EB02F45263B00FDF7D4 /* UIKitGesturesForSwiftUI */; };
/* End PBXBuildFile section */

/* Begin PBXContainerItemProxy section */
		16272E8D2F4523D300FDF7D4 /* PBXContainerItemProxy */ = {
			isa = PBXContainerItemProxy;
			containerPortal = 16272E772F4523D100FDF7D4 /* Project object */;
			proxyType = 1;
			remoteGlobalIDString = 16272E7E2F4523D100FDF7D4;
			remoteInfo = UIKitGesturesForSwiftUIPlayground;
		};
		16272E972F4523D300FDF7D4 /* PBXContainerItemProxy */ = {
			isa = PBXContainerItemProxy;
			containerPortal = 16272E772F4523D100FDF7D4 /* Project object */;
			proxyType = 1;
			remoteGlobalIDString = 16272E7E2F4523D100FDF7D4;
			remoteInfo = UIKitGesturesForSwiftUIPlayground;
		};
/* End PBXContainerItemProxy section */

/* Begin PBXFileReference section */
		16272E7F2F4523D100FDF7D4 /* UIKitGesturesForSwiftUIPlayground.app */ = {isa = PBXFileReference; explicitFileType = wrapper.application; includeInIndex = 0; path = UIKitGesturesForSwiftUIPlayground.app; sourceTree = BUILT_PRODUCTS_DIR; };
		16272E8C2F4523D300FDF7D4 /* UIKitGesturesForSwiftUIPlaygroundTests.xctest */ = {isa = PBXFileReference; explicitFileType = wrapper.cfbundle; includeInIndex = 0; path = UIKitGesturesForSwiftUIPlaygroundTests.xctest; sourceTree = BUILT_PRODUCTS_DIR; };
		16272E962F4523D300FDF7D4 /* UIKitGesturesForSwiftUIPlaygroundUITests.xctest */ = {isa = PBXFileReference; explicitFileType = wrapper.cfbundle; includeInIndex = 0; path = UIKitGesturesForSwiftUIPlaygroundUITests.xctest; sourceTree = BUILT_PRODUCTS_DIR; };
/* End PBXFileReference section */

/* Begin PBXFileSystemSynchronizedRootGroup section */
		16272E812F4523D200FDF7D4 /* UIKitGesturesForSwiftUIPlayground */ = {
			isa = PBXFileSystemSynchronizedRootGroup;
			path = UIKitGesturesForSwiftUIPlayground;
			sourceTree = "<group>";
		};
		16272E8F2F4523D300FDF7D4 /* UIKitGesturesForSwiftUIPlaygroundTests */ = {
			isa = PBXFileSystemSynchronizedRootGroup;
			path = UIKitGesturesForSwiftUIPlaygroundTests;
			sourceTree = "<group>";
		};
		16272E992F4523D300FDF7D4 /* UIKitGesturesForSwiftUIPlaygroundUITests */ = {
			isa = PBXFileSystemSynchronizedRootGroup;
			path = UIKitGesturesForSwiftUIPlaygroundUITests;
			sourceTree = "<group>";
		};
/* End PBXFileSystemSynchronizedRootGroup section */

/* Begin PBXFrameworksBuildPhase section */
		16272E7C2F4523D100FDF7D4 /* Frameworks */ = {
			isa = PBXFrameworksBuildPhase;
			buildActionMask = 2147483647;
			files = (
				16272EB12F45263B00FDF7D4 /* UIKitGesturesForSwiftUI in Frameworks */,
				160D21512F4BBD3500E6AA1D /* UIKitGesturesForSwiftUI in Frameworks */,
			);
			runOnlyForDeploymentPostprocessing = 0;
		};
		16272E892F4523D300FDF7D4 /* Frameworks */ = {
			isa = PBXFrameworksBuildPhase;
			buildActionMask = 2147483647;
			files = (
			);
			runOnlyForDeploymentPostprocessing = 0;
		};
		16272E932F4523D300FDF7D4 /* Frameworks */ = {
			isa = PBXFrameworksBuildPhase;
			buildActionMask = 2147483647;
			files = (
			);
			runOnlyForDeploymentPostprocessing = 0;
		};
/* End PBXFrameworksBuildPhase section */

/* Begin PBXGroup section */
		16272E762F4523D100FDF7D4 = {
			isa = PBXGroup;
			children = (
				16272E812F4523D200FDF7D4 /* UIKitGesturesForSwiftUIPlayground */,
				16272E8F2F4523D300FDF7D4 /* UIKitGesturesForSwiftUIPlaygroundTests */,
				16272E992F4523D300FDF7D4 /* UIKitGesturesForSwiftUIPlaygroundUITests */,
				16272E802F4523D100FDF7D4 /* Products */,
			);
			sourceTree = "<group>";
		};
		16272E802F4523D100FDF7D4 /* Products */ = {
			isa = PBXGroup;
			children = (
				16272E7F2F4523D100FDF7D4 /* UIKitGesturesForSwiftUIPlayground.app */,
				16272E8C2F4523D300FDF7D4 /* UIKitGesturesForSwiftUIPlaygroundTests.xctest */,
				16272E962F4523D300FDF7D4 /* UIKitGesturesForSwiftUIPlaygroundUITests.xctest */,
			);
			name = Products;
			sourceTree = "<group>";
		};
/* End PBXGroup section */

/* Begin PBXNativeTarget section */
		16272E7E2F4523D100FDF7D4 /* UIKitGesturesForSwiftUIPlayground */ = {
			isa = PBXNativeTarget;
			buildConfigurationList = 16272EA02F4523D300FDF7D4 /* Build configuration list for PBXNativeTarget "UIKitGesturesForSwiftUIPlayground" */;
			buildPhases = (
				16272E7B2F4523D100FDF7D4 /* Sources */,
				16272E7C2F4523D100FDF7D4 /* Frameworks */,
				16272E7D2F4523D100FDF7D4 /* Resources */,
			);
			buildRules = (
			);
			dependencies = (
			);
			fileSystemSynchronizedGroups = (
				16272E812F4523D200FDF7D4 /* UIKitGesturesForSwiftUIPlayground */,
			);
			name = UIKitGesturesForSwiftUIPlayground;
			packageProductDependencies = (
				16272EB02F45263B00FDF7D4 /* UIKitGesturesForSwiftUI */,
				160D21502F4BBD3500E6AA1D /* UIKitGesturesForSwiftUI */,
			);
			productName = UIKitGesturesForSwiftUIPlayground;
			productReference = 16272E7F2F4523D100FDF7D4 /* UIKitGesturesForSwiftUIPlayground.app */;
			productType = "com.apple.product-type.application";
		};
		16272E8B2F4523D300FDF7D4 /* UIKitGesturesForSwiftUIPlaygroundTests */ = {
			isa = PBXNativeTarget;
			buildConfigurationList = 16272EA32F4523D300FDF7D4 /* Build configuration list for PBXNativeTarget "UIKitGesturesForSwiftUIPlaygroundTests" */;
			buildPhases = (
				16272E882F4523D300FDF7D4 /* Sources */,
				16272E892F4523D300FDF7D4 /* Frameworks */,
				16272E8A2F4523D300FDF7D4 /* Resources */,
			);
			buildRules = (
			);
			dependencies = (
				16272E8E2F4523D300FDF7D4 /* PBXTargetDependency */,
			);
			fileSystemSynchronizedGroups = (
				16272E8F2F4523D300FDF7D4 /* UIKitGesturesForSwiftUIPlaygroundTests */,
			);
			name = UIKitGesturesForSwiftUIPlaygroundTests;
			packageProductDependencies = (
			);
			productName = UIKitGesturesForSwiftUIPlaygroundTests;
			productReference = 16272E8C2F4523D300FDF7D4 /* UIKitGesturesForSwiftUIPlaygroundTests.xctest */;
			productType = "com.apple.product-type.bundle.unit-test";
		};
		16272E952F4523D300FDF7D4 /* UIKitGesturesForSwiftUIPlaygroundUITests */ = {
			isa = PBXNativeTarget;
			buildConfigurationList = 16272EA62F4523D300FDF7D4 /* Build configuration list for PBXNativeTarget "UIKitGesturesForSwiftUIPlaygroundUITests" */;
			buildPhases = (
				16272E922F4523D300FDF7D4 /* Sources */,
				16272E932F4523D300FDF7D4 /* Frameworks */,
				16272E942F4523D300FDF7D4 /* Resources */,
			);
			buildRules = (
			);
			dependencies = (
				16272E982F4523D300FDF7D4 /* PBXTargetDependency */,
			);
			fileSystemSynchronizedGroups = (
				16272E992F4523D300FDF7D4 /* UIKitGesturesForSwiftUIPlaygroundUITests */,
			);
			name = UIKitGesturesForSwiftUIPlaygroundUITests;
			packageProductDependencies = (
			);
			productName = UIKitGesturesForSwiftUIPlaygroundUITests;
			productReference = 16272E962F4523D300FDF7D4 /* UIKitGesturesForSwiftUIPlaygroundUITests.xctest */;
			productType = "com.apple.product-type.bundle.ui-testing";
		};
/* End PBXNativeTarget section */

/* Begin PBXProject section */
		16272E772F4523D100FDF7D4 /* Project object */ = {
			isa = PBXProject;
			attributes = {
				BuildIndependentTargetsInParallel = 1;
				LastSwiftUpdateCheck = 2630;
				LastUpgradeCheck = 2630;
				TargetAttributes = {
					16272E7E2F4523D100FDF7D4 = {
						CreatedOnToolsVersion = 26.3;
					};
					16272E8B2F4523D300FDF7D4 = {
						CreatedOnToolsVersion = 26.3;
						TestTargetID = 16272E7E2F4523D100FDF7D4;
					};
					16272E952F4523D300FDF7D4 = {
						CreatedOnToolsVersion = 26.3;
						TestTargetID = 16272E7E2F4523D100FDF7D4;
					};
				};
			};
			buildConfigurationList = 16272E7A2F4523D100FDF7D4 /* Build configuration list for PBXProject "UIKitGesturesForSwiftUIPlayground" */;
			developmentRegion = en;
			hasScannedForEncodings = 0;
			knownRegions = (
				en,
				Base,
			);
			mainGroup = 16272E762F4523D100FDF7D4;
			minimizedProjectReferenceProxies = 1;
			packageReferences = (
				160D214F2F4BBD3500E6AA1D /* XCRemoteSwiftPackageReference "UIKitGesturesForSwiftUI" */,
			);
			preferredProjectObjectVersion = 77;
			productRefGroup = 16272E802F4523D100FDF7D4 /* Products */;
			projectDirPath = "";
			projectRoot = "";
			targets = (
				16272E7E2F4523D100FDF7D4 /* UIKitGesturesForSwiftUIPlayground */,
				16272E8B2F4523D300FDF7D4 /* UIKitGesturesForSwiftUIPlaygroundTests */,
				16272E952F4523D300FDF7D4 /* UIKitGesturesForSwiftUIPlaygroundUITests */,
			);
		};
/* End PBXProject section */

/* Begin PBXResourcesBuildPhase section */
		16272E7D2F4523D100FDF7D4 /* Resources */ = {
			isa = PBXResourcesBuildPhase;
			buildActionMask = 2147483647;
			files = (
			);
			runOnlyForDeploymentPostprocessing = 0;
		};
		16272E8A2F4523D300FDF7D4 /* Resources */ = {
			isa = PBXResourcesBuildPhase;
			buildActionMask = 2147483647;
			files = (
			);
			runOnlyForDeploymentPostprocessing = 0;
		};
		16272E942F4523D300FDF7D4 /* Resources */ = {
			isa = PBXResourcesBuildPhase;
			buildActionMask = 2147483647;
			files = (
			);
			runOnlyForDeploymentPostprocessing = 0;
		};
/* End PBXResourcesBuildPhase section */

/* Begin PBXSourcesBuildPhase section */
		16272E7B2F4523D100FDF7D4 /* Sources */ = {
			isa = PBXSourcesBuildPhase;
			buildActionMask = 2147483647;
			files = (
			);
			runOnlyForDeploymentPostprocessing = 0;
		};
		16272E882F4523D300FDF7D4 /* Sources */ = {
			isa = PBXSourcesBuildPhase;
			buildActionMask = 2147483647;
			files = (
			);
			runOnlyForDeploymentPostprocessing = 0;
		};
		16272E922F4523D300FDF7D4 /* Sources */ = {
			isa = PBXSourcesBuildPhase;
			buildActionMask = 2147483647;
			files = (
			);
			runOnlyForDeploymentPostprocessing = 0;
		};
/* End PBXSourcesBuildPhase section */

/* Begin PBXTargetDependency section */
		16272E8E2F4523D300FDF7D4 /* PBXTargetDependency */ = {
			isa = PBXTargetDependency;
			target = 16272E7E2F4523D100FDF7D4 /* UIKitGesturesForSwiftUIPlayground */;
			targetProxy = 16272E8D2F4523D300FDF7D4 /* PBXContainerItemProxy */;
		};
		16272E982F4523D300FDF7D4 /* PBXTargetDependency */ = {
			isa = PBXTargetDependency;
			target = 16272E7E2F4523D100FDF7D4 /* UIKitGesturesForSwiftUIPlayground */;
			targetProxy = 16272E972F4523D300FDF7D4 /* PBXContainerItemProxy */;
		};
/* End PBXTargetDependency section */

/* Begin XCBuildConfiguration section */
		16272E9E2F4523D300FDF7D4 /* Debug */ = {
			isa = XCBuildConfiguration;
			buildSettings = {
				ALWAYS_SEARCH_USER_PATHS = NO;
				ASSETCATALOG_COMPILER_GENERATE_SWIFT_ASSET_SYMBOL_EXTENSIONS = YES;
				CLANG_ANALYZER_NONNULL = YES;
				CLANG_ANALYZER_NUMBER_OBJECT_CONVERSION = YES_AGGRESSIVE;
				CLANG_CXX_LANGUAGE_STANDARD = "gnu++20";
				CLANG_ENABLE_MODULES = YES;
				CLANG_ENABLE_OBJC_ARC = YES;
				CLANG_ENABLE_OBJC_WEAK = YES;
				CLANG_WARN_BLOCK_CAPTURE_AUTORELEASING = YES;
				CLANG_WARN_BOOL_CONVERSION = YES;
				CLANG_WARN_COMMA = YES;
				CLANG_WARN_CONSTANT_CONVERSION = YES;
				CLANG_WARN_DEPRECATED_OBJC_IMPLEMENTATIONS = YES;
				CLANG_WARN_DIRECT_OBJC_ISA_USAGE = YES_ERROR;
				CLANG_WARN_DOCUMENTATION_COMMENTS = YES;
				CLANG_WARN_EMPTY_BODY = YES;
				CLANG_WARN_ENUM_CONVERSION = YES;
				CLANG_WARN_INFINITE_RECURSION = YES;
				CLANG_WARN_INT_CONVERSION = YES;
				CLANG_WARN_NON_LITERAL_NULL_CONVERSION = YES;
				CLANG_WARN_OBJC_IMPLICIT_RETAIN_SELF = YES;
				CLANG_WARN_OBJC_LITERAL_CONVERSION = YES;
				CLANG_WARN_OBJC_ROOT_CLASS = YES_ERROR;
				CLANG_WARN_QUOTED_INCLUDE_IN_FRAMEWORK_HEADER = YES;
				CLANG_WARN_RANGE_LOOP_ANALYSIS = YES;
				CLANG_WARN_STRICT_PROTOTYPES = YES;
				CLANG_WARN_SUSPICIOUS_MOVE = YES;
				CLANG_WARN_UNGUARDED_AVAILABILITY = YES_AGGRESSIVE;
				CLANG_WARN_UNREACHABLE_CODE = YES;
				CLANG_WARN__DUPLICATE_METHOD_MATCH = YES;
				COPY_PHASE_STRIP = NO;
				DEBUG_INFORMATION_FORMAT = dwarf;
				DEVELOPMENT_TEAM = 2QJXWH9SJA;
				ENABLE_STRICT_OBJC_MSGSEND = YES;
				ENABLE_TESTABILITY = YES;
				ENABLE_USER_SCRIPT_SANDBOXING = YES;
				GCC_C_LANGUAGE_STANDARD = gnu17;
				GCC_DYNAMIC_NO_PIC = NO;
				GCC_NO_COMMON_BLOCKS = YES;
				GCC_OPTIMIZATION_LEVEL = 0;
				GCC_PREPROCESSOR_DEFINITIONS = (
					"DEBUG=1",
					"$(inherited)",
				);
				GCC_TREAT_WARNINGS_AS_ERRORS = YES;
				GCC_WARN_64_TO_32_BIT_CONVERSION = YES;
				GCC_WARN_ABOUT_RETURN_TYPE = YES_ERROR;
				GCC_WARN_UNDECLARED_SELECTOR = YES;
				GCC_WARN_UNINITIALIZED_AUTOS = YES_AGGRESSIVE;
				GCC_WARN_UNUSED_FUNCTION = YES;
				GCC_WARN_UNUSED_VARIABLE = YES;
				IPHONEOS_DEPLOYMENT_TARGET = 26.2;
				LOCALIZATION_PREFERS_STRING_CATALOGS = YES;
				MTL_ENABLE_DEBUG_INFO = INCLUDE_SOURCE;
				MTL_FAST_MATH = YES;
				ONLY_ACTIVE_ARCH = YES;
				SDKROOT = iphoneos;
				SWIFT_ACTIVE_COMPILATION_CONDITIONS = "DEBUG $(inherited)";
				SWIFT_OPTIMIZATION_LEVEL = "-Onone";
				SWIFT_TREAT_WARNINGS_AS_ERRORS = YES;
			};
			name = Debug;
		};
		16272E9F2F4523D300FDF7D4 /* Release */ = {
			isa = XCBuildConfiguration;
			buildSettings = {
				ALWAYS_SEARCH_USER_PATHS = NO;
				ASSETCATALOG_COMPILER_GENERATE_SWIFT_ASSET_SYMBOL_EXTENSIONS = YES;
				CLANG_ANALYZER_NONNULL = YES;
				CLANG_ANALYZER_NUMBER_OBJECT_CONVERSION = YES_AGGRESSIVE;
				CLANG_CXX_LANGUAGE_STANDARD = "gnu++20";
				CLANG_ENABLE_MODULES = YES;
				CLANG_ENABLE_OBJC_ARC = YES;
				CLANG_ENABLE_OBJC_WEAK = YES;
				CLANG_WARN_BLOCK_CAPTURE_AUTORELEASING = YES;
				CLANG_WARN_BOOL_CONVERSION = YES;
				CLANG_WARN_COMMA = YES;
				CLANG_WARN_CONSTANT_CONVERSION = YES;
				CLANG_WARN_DEPRECATED_OBJC_IMPLEMENTATIONS = YES;
				CLANG_WARN_DIRECT_OBJC_ISA_USAGE = YES_ERROR;
				CLANG_WARN_DOCUMENTATION_COMMENTS = YES;
				CLANG_WARN_EMPTY_BODY = YES;
				CLANG_WARN_ENUM_CONVERSION = YES;
				CLANG_WARN_INFINITE_RECURSION = YES;
				CLANG_WARN_INT_CONVERSION = YES;
				CLANG_WARN_NON_LITERAL_NULL_CONVERSION = YES;
				CLANG_WARN_OBJC_IMPLICIT_RETAIN_SELF = YES;
				CLANG_WARN_OBJC_LITERAL_CONVERSION = YES;
				CLANG_WARN_OBJC_ROOT_CLASS = YES_ERROR;
				CLANG_WARN_QUOTED_INCLUDE_IN_FRAMEWORK_HEADER = YES;
				CLANG_WARN_RANGE_LOOP_ANALYSIS = YES;
				CLANG_WARN_STRICT_PROTOTYPES = YES;
				CLANG_WARN_SUSPICIOUS_MOVE = YES;
				CLANG_WARN_UNGUARDED_AVAILABILITY = YES_AGGRESSIVE;
				CLANG_WARN_UNREACHABLE_CODE = YES;
				CLANG_WARN__DUPLICATE_METHOD_MATCH = YES;
				COPY_PHASE_STRIP = NO;
				DEBUG_INFORMATION_FORMAT = "dwarf-with-dsym";
				DEVELOPMENT_TEAM = 2QJXWH9SJA;
				ENABLE_NS_ASSERTIONS = NO;
				ENABLE_STRICT_OBJC_MSGSEND = YES;
				ENABLE_USER_SCRIPT_SANDBOXING = YES;
				GCC_C_LANGUAGE_STANDARD = gnu17;
				GCC_NO_COMMON_BLOCKS = YES;
				GCC_TREAT_WARNINGS_AS_ERRORS = YES;
				GCC_WARN_64_TO_32_BIT_CONVERSION = YES;
				GCC_WARN_ABOUT_RETURN_TYPE = YES_ERROR;
				GCC_WARN_UNDECLARED_SELECTOR = YES;
				GCC_WARN_UNINITIALIZED_AUTOS = YES_AGGRESSIVE;
				GCC_WARN_UNUSED_FUNCTION = YES;
				GCC_WARN_UNUSED_VARIABLE = YES;
				IPHONEOS_DEPLOYMENT_TARGET = 26.2;
				LOCALIZATION_PREFERS_STRING_CATALOGS = YES;
				MTL_ENABLE_DEBUG_INFO = NO;
				MTL_FAST_MATH = YES;
				SDKROOT = iphoneos;
				SWIFT_COMPILATION_MODE = wholemodule;
				SWIFT_TREAT_WARNINGS_AS_ERRORS = YES;
				VALIDATE_PRODUCT = YES;
			};
			name = Release;
		};
		16272EA12F4523D300FDF7D4 /* Debug */ = {
			isa = XCBuildConfiguration;
			buildSettings = {
				ASSETCATALOG_COMPILER_APPICON_NAME = AppIcon;
				ASSETCATALOG_COMPILER_GLOBAL_ACCENT_COLOR_NAME = AccentColor;
				CODE_SIGN_STYLE = Automatic;
				CURRENT_PROJECT_VERSION = 1;
				DEVELOPMENT_TEAM = 2QJXWH9SJA;
				ENABLE_PREVIEWS = YES;
				GCC_TREAT_WARNINGS_AS_ERRORS = YES;
				GENERATE_INFOPLIST_FILE = YES;
				INFOPLIST_KEY_UIApplicationSceneManifest_Generation = YES;
				INFOPLIST_KEY_UIApplicationSupportsIndirectInputEvents = YES;
				INFOPLIST_KEY_UILaunchScreen_Generation = YES;
				INFOPLIST_KEY_UISupportedInterfaceOrientations_iPad = "UIInterfaceOrientationPortrait UIInterfaceOrientationPortraitUpsideDown UIInterfaceOrientationLandscapeLeft UIInterfaceOrientationLandscapeRight";
				INFOPLIST_KEY_UISupportedInterfaceOrientations_iPhone = "UIInterfaceOrientationPortrait UIInterfaceOrientationLandscapeLeft UIInterfaceOrientationLandscapeRight";
				LD_RUNPATH_SEARCH_PATHS = (
					"$(inherited)",
					"@executable_path/Frameworks",
				);
				MARKETING_VERSION = 1.0;
				PRODUCT_BUNDLE_IDENTIFIER = com.jacobvanorder.UIKitGesturesForSwiftUIPlayground;
				PRODUCT_NAME = "$(TARGET_NAME)";
				STRING_CATALOG_GENERATE_SYMBOLS = YES;
				SWIFT_APPROACHABLE_CONCURRENCY = YES;
				SWIFT_DEFAULT_ACTOR_ISOLATION = MainActor;
				SWIFT_EMIT_LOC_STRINGS = YES;
				SWIFT_STRICT_CONCURRENCY = complete;
				SWIFT_UPCOMING_FEATURE_MEMBER_IMPORT_VISIBILITY = YES;
				SWIFT_VERSION = 5.0;
				TARGETED_DEVICE_FAMILY = "1,2";
			};
			name = Debug;
		};
		16272EA22F4523D300FDF7D4 /* Release */ = {
			isa = XCBuildConfiguration;
			buildSettings = {
				ASSETCATALOG_COMPILER_APPICON_NAME = AppIcon;
				ASSETCATALOG_COMPILER_GLOBAL_ACCENT_COLOR_NAME = AccentColor;
				CODE_SIGN_STYLE = Automatic;
				CURRENT_PROJECT_VERSION = 1;
				DEVELOPMENT_TEAM = 2QJXWH9SJA;
				ENABLE_PREVIEWS = YES;
				GCC_TREAT_WARNINGS_AS_ERRORS = YES;
				GENERATE_INFOPLIST_FILE = YES;
				INFOPLIST_KEY_UIApplicationSceneManifest_Generation = YES;
				INFOPLIST_KEY_UIApplicationSupportsIndirectInputEvents = YES;
				INFOPLIST_KEY_UILaunchScreen_Generation = YES;
				INFOPLIST_KEY_UISupportedInterfaceOrientations_iPad = "UIInterfaceOrientationPortrait UIInterfaceOrientationPortraitUpsideDown UIInterfaceOrientationLandscapeLeft UIInterfaceOrientationLandscapeRight";
				INFOPLIST_KEY_UISupportedInterfaceOrientations_iPhone = "UIInterfaceOrientationPortrait UIInterfaceOrientationLandscapeLeft UIInterfaceOrientationLandscapeRight";
				LD_RUNPATH_SEARCH_PATHS = (
					"$(inherited)",
					"@executable_path/Frameworks",
				);
				MARKETING_VERSION = 1.0;
				PRODUCT_BUNDLE_IDENTIFIER = com.jacobvanorder.UIKitGesturesForSwiftUIPlayground;
				PRODUCT_NAME = "$(TARGET_NAME)";
				STRING_CATALOG_GENERATE_SYMBOLS = YES;
				SWIFT_APPROACHABLE_CONCURRENCY = YES;
				SWIFT_DEFAULT_ACTOR_ISOLATION = MainActor;
				SWIFT_EMIT_LOC_STRINGS = YES;
				SWIFT_STRICT_CONCURRENCY = complete;
				SWIFT_UPCOMING_FEATURE_MEMBER_IMPORT_VISIBILITY = YES;
				SWIFT_VERSION = 5.0;
				TARGETED_DEVICE_FAMILY = "1,2";
			};
			name = Release;
		};
		16272EA42F4523D300FDF7D4 /* Debug */ = {
			isa = XCBuildConfiguration;
			buildSettings = {
				BUNDLE_LOADER = "$(TEST_HOST)";
				CODE_SIGN_STYLE = Automatic;
				CURRENT_PROJECT_VERSION = 1;
				DEVELOPMENT_TEAM = 2QJXWH9SJA;
				GENERATE_INFOPLIST_FILE = YES;
				IPHONEOS_DEPLOYMENT_TARGET = 26.2;
				MARKETING_VERSION = 1.0;
				PRODUCT_BUNDLE_IDENTIFIER = com.jacobvanorder.UIKitGesturesForSwiftUIPlaygroundTests;
				PRODUCT_NAME = "$(TARGET_NAME)";
				STRING_CATALOG_GENERATE_SYMBOLS = NO;
				SWIFT_APPROACHABLE_CONCURRENCY = YES;
				SWIFT_EMIT_LOC_STRINGS = NO;
				SWIFT_UPCOMING_FEATURE_MEMBER_IMPORT_VISIBILITY = YES;
				SWIFT_VERSION = 5.0;
				TARGETED_DEVICE_FAMILY = "1,2";
				TEST_HOST = "$(BUILT_PRODUCTS_DIR)/UIKitGesturesForSwiftUIPlayground.app/$(BUNDLE_EXECUTABLE_FOLDER_PATH)/UIKitGesturesForSwiftUIPlayground";
			};
			name = Debug;
		};
		16272EA52F4523D300FDF7D4 /* Release */ = {
			isa = XCBuildConfiguration;
			buildSettings = {
				BUNDLE_LOADER = "$(TEST_HOST)";
				CODE_SIGN_STYLE = Automatic;
				CURRENT_PROJECT_VERSION = 1;
				DEVELOPMENT_TEAM = 2QJXWH9SJA;
				GENERATE_INFOPLIST_FILE = YES;
				IPHONEOS_DEPLOYMENT_TARGET = 26.2;
				MARKETING_VERSION = 1.0;
				PRODUCT_BUNDLE_IDENTIFIER = com.jacobvanorder.UIKitGesturesForSwiftUIPlaygroundTests;
				PRODUCT_NAME = "$(TARGET_NAME)";
				STRING_CATALOG_GENERATE_SYMBOLS = NO;
				SWIFT_APPROACHABLE_CONCURRENCY = YES;
				SWIFT_EMIT_LOC_STRINGS = NO;
				SWIFT_UPCOMING_FEATURE_MEMBER_IMPORT_VISIBILITY = YES;
				SWIFT_VERSION = 5.0;
				TARGETED_DEVICE_FAMILY = "1,2";
				TEST_HOST = "$(BUILT_PRODUCTS_DIR)/UIKitGesturesForSwiftUIPlayground.app/$(BUNDLE_EXECUTABLE_FOLDER_PATH)/UIKitGesturesForSwiftUIPlayground";
			};
			name = Release;
		};
		16272EA72F4523D300FDF7D4 /* Debug */ = {
			isa = XCBuildConfiguration;
			buildSettings = {
				CODE_SIGN_STYLE = Automatic;
				CURRENT_PROJECT_VERSION = 1;
				DEVELOPMENT_TEAM = 2QJXWH9SJA;
				GENERATE_INFOPLIST_FILE = YES;
				MARKETING_VERSION = 1.0;
				PRODUCT_BUNDLE_IDENTIFIER = com.jacobvanorder.UIKitGesturesForSwiftUIPlaygroundUITests;
				PRODUCT_NAME = "$(TARGET_NAME)";
				STRING_CATALOG_GENERATE_SYMBOLS = NO;
				SWIFT_APPROACHABLE_CONCURRENCY = YES;
				SWIFT_EMIT_LOC_STRINGS = NO;
				SWIFT_UPCOMING_FEATURE_MEMBER_IMPORT_VISIBILITY = YES;
				SWIFT_VERSION = 5.0;
				TARGETED_DEVICE_FAMILY = "1,2";
				TEST_TARGET_NAME = UIKitGesturesForSwiftUIPlayground;
			};
			name = Debug;
		};
		16272EA82F4523D300FDF7D4 /* Release */ = {
			isa = XCBuildConfiguration;
			buildSettings = {
				CODE_SIGN_STYLE = Automatic;
				CURRENT_PROJECT_VERSION = 1;
				DEVELOPMENT_TEAM = 2QJXWH9SJA;
				GENERATE_INFOPLIST_FILE = YES;
				MARKETING_VERSION = 1.0;
				PRODUCT_BUNDLE_IDENTIFIER = com.jacobvanorder.UIKitGesturesForSwiftUIPlaygroundUITests;
				PRODUCT_NAME = "$(TARGET_NAME)";
				STRING_CATALOG_GENERATE_SYMBOLS = NO;
				SWIFT_APPROACHABLE_CONCURRENCY = YES;
				SWIFT_EMIT_LOC_STRINGS = NO;
				SWIFT_UPCOMING_FEATURE_MEMBER_IMPORT_VISIBILITY = YES;
				SWIFT_VERSION = 5.0;
				TARGETED_DEVICE_FAMILY = "1,2";
				TEST_TARGET_NAME = UIKitGesturesForSwiftUIPlayground;
			};
			name = Release;
		};
/* End XCBuildConfiguration section */

/* Begin XCConfigurationList section */
		16272E7A2F4523D100FDF7D4 /* Build configuration list for PBXProject "UIKitGesturesForSwiftUIPlayground" */ = {
			isa = XCConfigurationList;
			buildConfigurations = (
				16272E9E2F4523D300FDF7D4 /* Debug */,
				16272E9F2F4523D300FDF7D4 /* Release */,
			);
			defaultConfigurationIsVisible = 0;
			defaultConfigurationName = Release;
		};
		16272EA02F4523D300FDF7D4 /* Build configuration list for PBXNativeTarget "UIKitGesturesForSwiftUIPlayground" */ = {
			isa = XCConfigurationList;
			buildConfigurations = (
				16272EA12F4523D300FDF7D4 /* Debug */,
				16272EA22F4523D300FDF7D4 /* Release */,
			);
			defaultConfigurationIsVisible = 0;
			defaultConfigurationName = Release;
		};
		16272EA32F4523D300FDF7D4 /* Build configuration list for PBXNativeTarget "UIKitGesturesForSwiftUIPlaygroundTests" */ = {
			isa = XCConfigurationList;
			buildConfigurations = (
				16272EA42F4523D300FDF7D4 /* Debug */,
				16272EA52F4523D300FDF7D4 /* Release */,
			);
			defaultConfigurationIsVisible = 0;
			defaultConfigurationName = Release;
		};
		16272EA62F4523D300FDF7D4 /* Build configuration list for PBXNativeTarget "UIKitGesturesForSwiftUIPlaygroundUITests" */ = {
			isa = XCConfigurationList;
			buildConfigurations = (
				16272EA72F4523D300FDF7D4 /* Debug */,
				16272EA82F4523D300FDF7D4 /* Release */,
			);
			defaultConfigurationIsVisible = 0;
			defaultConfigurationName = Release;
		};
/* End XCConfigurationList section */

/* Begin XCRemoteSwiftPackageReference section */
		160D214F2F4BBD3500E6AA1D /* XCRemoteSwiftPackageReference "UIKitGesturesForSwiftUI" */ = {
			isa = XCRemoteSwiftPackageReference;
			repositoryURL = "https://github.com/jacobvanorder/UIKitGesturesForSwiftUI";
			requirement = {
				kind = upToNextMajorVersion;
				minimumVersion = 1.0.0;
			};
		};
/* End XCRemoteSwiftPackageReference section */

/* Begin XCSwiftPackageProductDependency section */
		160D21502F4BBD3500E6AA1D /* UIKitGesturesForSwiftUI */ = {
			isa = XCSwiftPackageProductDependency;
			package = 160D214F2F4BBD3500E6AA1D /* XCRemoteSwiftPackageReference "UIKitGesturesForSwiftUI" */;
			productName = UIKitGesturesForSwiftUI;
		};
		16272EB02F45263B00FDF7D4 /* UIKitGesturesForSwiftUI */ = {
			isa = XCSwiftPackageProductDependency;
			productName = UIKitGesturesForSwiftUI;
		};
/* End XCSwiftPackageProductDependency section */
	};
	rootObject = 16272E772F4523D100FDF7D4 /* Project object */;
}
